
Microsoft Visual Studio Solution File, Format Version 11.00
# Visual Studio 2010
Project("{8BC9CEB8-8B4A-11D0-8D11-00A0C91BC942}") = "convertFile", "convertFile\convertFile.vcxproj", "{2598D83D-467F-4B39-AD1E-4B465DA919D7}"
EndProject
Global
	GlobalSection(SolutionConfigurationPlatforms) = preSolution
		Debug|Win32 = Debug|Win32
		Release|Win32 = Release|Win32
	EndGlobalSection
	GlobalSection(ProjectConfigurationPlatforms) = postSolution
		{2598D83D-467F-4B39-AD1E-4B465DA919D7}.Debug|Win32.ActiveCfg = Debug|Win32
		{2598D83D-467F-4B39-AD1E-4B465DA919D7}.Debug|Win32.Build.0 = Debug|Win32
		{2598D83D-467F-4B39-AD1E-4B465DA919D7}.Release|Win32.ActiveCfg = Release|Win32
		{2598D83D-467F-4B39-AD1E-4B465DA919D7}.Release|Win32.Build.0 = Release|Win32
	EndGlobalSection
	GlobalSection(SolutionProperties) = preSolution
		HideSolutionNode = FALSE
	EndGlobalSection
EndGlobal
