<?xml version="1.0" encoding="utf-8"?>
<Project ToolsVersion="4.0" xmlns="http://schemas.microsoft.com/developer/msbuild/2003">
  <ItemGroup>
    <Filter Include="Source Files">
      <UniqueIdentifier>{4FC737F1-C7A5-4376-A066-2A32D752A2FF}</UniqueIdentifier>
      <Extensions>cpp;cxx;c;def</Extensions>
    </Filter>
    <Filter Include="Header Files">
      <UniqueIdentifier>{93995380-89BD-4b04-88EB-625FBE52EBFB}</UniqueIdentifier>
      <Extensions>h</Extensions>
    </Filter>
    <Filter Include="Form Files">
      <UniqueIdentifier>{99349809-55BA-4b9d-BF79-8FDBB0286EB3}</UniqueIdentifier>
      <Extensions>ui</Extensions>
    </Filter>
    <Filter Include="Resource Files">
      <UniqueIdentifier>{D9D6E242-F8AF-46E4-B9FD-80ECBC20BA3E}</UniqueIdentifier>
      <Extensions>qrc;*</Extensions>
      <ParseFiles>false</ParseFiles>
    </Filter>
    <Filter Include="Generated Files">
      <UniqueIdentifier>{71ED8ED8-ACB9-4CE9-BBE1-E00B30144E11}</UniqueIdentifier>
      <Extensions>moc;h;cpp</Extensions>
      <SourceControlFiles>False</SourceControlFiles>
    </Filter>
    <Filter Include="Generated Files\Debug">
      <UniqueIdentifier>{93efd127-441b-4fa6-951d-cbf520a7b9b3}</UniqueIdentifier>
      <Extensions>cpp;moc</Extensions>
      <SourceControlFiles>False</SourceControlFiles>
    </Filter>
    <Filter Include="Generated Files\Release">
      <UniqueIdentifier>{90943a55-977c-422b-b2a8-c270438e3cc5}</UniqueIdentifier>
      <Extensions>cpp;moc</Extensions>
      <SourceControlFiles>False</SourceControlFiles>
    </Filter>
    <Filter Include="Common">
      <UniqueIdentifier>{35e2d89b-206c-45ec-bcbd-89727190dbe8}</UniqueIdentifier>
    </Filter>
    <Filter Include="Common\aqp">
      <UniqueIdentifier>{13bf39a6-13f6-4523-b6e1-49f2d8e0a95b}</UniqueIdentifier>
    </Filter>
  </ItemGroup>
  <ItemGroup>
    <ClCompile Include="main.cpp">
      <Filter>Source Files</Filter>
    </ClCompile>
    <ClCompile Include="image2image.cpp">
      <Filter>Source Files</Filter>
    </ClCompile>
    <ClCompile Include="GeneratedFiles\Debug\moc_image2image.cpp">
      <Filter>Generated Files\Debug</Filter>
    </ClCompile>
    <ClCompile Include="GeneratedFiles\Release\moc_image2image.cpp">
      <Filter>Generated Files\Release</Filter>
    </ClCompile>
    <ClCompile Include="GeneratedFiles\qrc_image2image.cpp">
      <Filter>Generated Files</Filter>
    </ClCompile>
    <ClCompile Include="ConvertImageTask.cpp">
      <Filter>Source Files</Filter>
    </ClCompile>
    <ClCompile Include="..\..\Common\aqp\alt_key.cpp">
      <Filter>Common\aqp</Filter>
    </ClCompile>
    <ClCompile Include="..\..\Common\aqp\aqp.cpp">
      <Filter>Common\aqp</Filter>
    </ClCompile>
    <ClCompile Include="..\..\Common\aqp\kuhn_munkres.cpp">
      <Filter>Common\aqp</Filter>
    </ClCompile>
  </ItemGroup>
  <ItemGroup>
    <CustomBuild Include="image2image.h">
      <Filter>Header Files</Filter>
    </CustomBuild>
    <CustomBuild Include="image2image.qrc">
      <Filter>Resource Files</Filter>
    </CustomBuild>
  </ItemGroup>
  <ItemGroup>
    <ClInclude Include="ConvertImageTask.h">
      <Filter>Header Files</Filter>
    </ClInclude>
    <ClInclude Include="..\..\Common\aqp\alt_key.hpp">
      <Filter>Common\aqp</Filter>
    </ClInclude>
    <ClInclude Include="..\..\Common\aqp\aqp.hpp">
      <Filter>Common\aqp</Filter>
    </ClInclude>
    <ClInclude Include="..\..\Common\aqp\kuhn_munkres.hpp">
      <Filter>Common\aqp</Filter>
    </ClInclude>
  </ItemGroup>
</Project>